{
    "name": "contract",
    "version": "1.0.0",
    "lockfileVersion": 1,
    "requires": true,
    "dependencies": {
        "ethereum-common": {
            "version": "0.0.18",
            "resolved": "https://registry.npmjs.org/ethereum-common/-/ethereum-common-0.0.18.tgz",
            "integrity": "sha1-L9w1dvIykDNYl26znaeDIT/5Uj8="
        },
        "ethereumjs-tx": {
            "version": "1.3.7",
            "resolved": "https://registry.npmjs.org/ethereumjs-tx/-/ethereumjs-tx-1.3.7.tgz",
            "integrity": "sha512-wvLMxzt1RPhAQ9Yi3/HKZTn0FZYpnsmQdbKYfUUpi4j1SEIcbkd9tndVjcPrufY3V7j2IebOpC00Zp2P/Ay2kA==",
            "requires": {
                "ethereum-common": "^0.0.18",
                "ethereumjs-util": "^5.0.0"
            }
        },
        "ethereumjs-util": {
            "version": "5.2.0",
            "resolved": "http://registry.npm.taobao.org/ethereumjs-util/download/ethereumjs-util-5.2.0.tgz",
            "dependencies": {
                "bn.js": {
                    "version": "http://registry.npm.taobao.org/bn.js/download/bn.js-4.11.8.tgz",
                    "bundled": true
                },
                "create-hash": {
                    "version": "http://registry.npm.taobao.org/create-hash/download/create-hash-1.2.0.tgz",
                    "bundled": true,
                    "dependencies": {
                        "cipher-base": {
                            "version": "http://registry.npm.taobao.org/cipher-base/download/cipher-base-1.0.4.tgz",
                            "bundled": true,
                            "dependencies": {
                                "inherits": {
                                    "version": "http://registry.npm.taobao.org/inherits/download/inherits-2.0.3.tgz"
                                },
                                "safe-buffer": {
                                    "version": "http://registry.npm.taobao.org/safe-buffer/download/safe-buffer-5.1.2.tgz"
                                }
                            }
                        },
                        "inherits": {
                            "version": "http://registry.npm.taobao.org/inherits/download/inherits-2.0.3.tgz",
                            "bundled": true
                        },
                        "md5.js": {
                            "version": "http://registry.npm.taobao.org/md5.js/download/md5.js-1.3.5.tgz",
                            "bundled": true
                        },
                        "ripemd160": {
                            "version": "http://registry.npm.taobao.org/ripemd160/download/ripemd160-2.0.2.tgz",
                            "bundled": true
                        },
                        "sha.js": {
                            "version": "http://registry.npm.taobao.org/sha.js/download/sha.js-2.4.11.tgz",
                            "bundled": true
                        }
                    }
                },
                "ethjs-util": {
                    "version": "http://registry.npm.taobao.org/ethjs-util/download/ethjs-util-0.1.6.tgz",
                    "bundled": true
                },
                "keccak": {
                    "version": "http://registry.npm.taobao.org/keccak/download/keccak-1.4.0.tgz",
                    "bundled": true,
                    "dependencies": {
                        "bindings": {
                            "version": "http://registry.npm.taobao.org/bindings/download/bindings-1.3.0.tgz"
                        },
                        "inherits": {
                            "version": "http://registry.npm.taobao.org/inherits/download/inherits-2.0.3.tgz"
                        },
                        "nan": {
                            "version": "http://registry.npm.taobao.org/nan/download/nan-2.11.1.tgz"
                        },
                        "safe-buffer": {
                            "version": "http://registry.npm.taobao.org/safe-buffer/download/safe-buffer-5.1.2.tgz"
                        }
                    }
                },
                "rlp": {
                    "version": "http://registry.npm.taobao.org/rlp/download/rlp-2.1.0.tgz",
                    "bundled": true
                },
                "safe-buffer": {
                    "version": "http://registry.npm.taobao.org/safe-buffer/download/safe-buffer-5.1.2.tgz",
                    "bundled": true
                },
                "secp256k1": {
                    "version": "http://registry.npm.taobao.org/secp256k1/download/secp256k1-3.5.2.tgz",
                    "bundled": true
                }
            }
        },
        "key-manager": {
            "version": "http://luchenqun:fendoubuxi@192.168.9.66/Juzix-ethereum/key-manager.git#e1cf48df2c432485ad3fdc3d6980f46f46d46397",
            "from": "key-manager@git+ssh://http://luchenqun:fendoubuxi@192.168.9.66/Juzix-ethereum/key-manager.git#develop",
            "requires": {
                "ethereumjs-util": "^5.1.2"
            },
            "dependencies": {
                "crypto-js": {
                    "version": "http://registry.npm.taobao.org/crypto-js/download/crypto-js-3.1.9-1.tgz"
                },
                "ethereumjs-util": {
                    "version": "http://registry.npm.taobao.org/ethereumjs-util/download/ethereumjs-util-5.2.0.tgz",
                    "dependencies": {
                        "bn.js": {
                            "version": "http://registry.npm.taobao.org/bn.js/download/bn.js-4.11.8.tgz",
                            "bundled": true
                        },
                        "create-hash": {
                            "version": "http://registry.npm.taobao.org/create-hash/download/create-hash-1.2.0.tgz",
                            "bundled": true,
                            "dependencies": {}
                        },
                        "ethjs-util": {
                            "version": "http://registry.npm.taobao.org/ethjs-util/download/ethjs-util-0.1.6.tgz",
                            "bundled": true
                        },
                        "keccak": {
                            "version": "http://registry.npm.taobao.org/keccak/download/keccak-1.4.0.tgz",
                            "bundled": true,
                            "dependencies": {}
                        },
                        "rlp": {
                            "version": "http://registry.npm.taobao.org/rlp/download/rlp-2.1.0.tgz",
                            "bundled": true
                        },
                        "safe-buffer": {
                            "version": "http://registry.npm.taobao.org/safe-buffer/download/safe-buffer-5.1.2.tgz",
                            "bundled": true
                        },
                        "secp256k1": {
                            "version": "http://registry.npm.taobao.org/secp256k1/download/secp256k1-3.5.2.tgz",
                            "bundled": true
                        }
                    }
                },
                "ffi": {
                    "version": "http://registry.npm.taobao.org/ffi/download/ffi-2.2.0.tgz"
                },
                "fs-extra": {
                    "version": "http://registry.npm.taobao.org/fs-extra/download/fs-extra-4.0.3.tgz"
                },
                "keythereum": {
                    "version": "http://registry.npm.taobao.org/keythereum/download/keythereum-1.0.4.tgz"
                },
                "ref": {
                    "version": "http://registry.npm.taobao.org/ref/download/ref-1.3.5.tgz",
                    "dependencies": {
                        "bindings": {
                            "version": "http://registry.npm.taobao.org/bindings/download/bindings-1.3.0.tgz",
                            "bundled": true
                        },
                        "debug": {
                            "version": "http://registry.npm.taobao.org/debug/download/debug-2.6.9.tgz",
                            "bundled": true,
                            "dependencies": {
                                "ms": {
                                    "version": "http://registry.npm.taobao.org/ms/download/ms-2.0.0.tgz",
                                    "bundled": true
                                }
                            }
                        },
                        "nan": {
                            "version": "http://registry.npm.taobao.org/nan/download/nan-2.11.1.tgz",
                            "bundled": true
                        }
                    }
                }
            }
        },
        "web3": {
            "version": "http://liangyanxiang:12345678@192.168.9.66/Juzix-Platon/web3j-js.git#8c2cd0ca74fae1b521d8c6b444b614dc89d8c6e0",
            "from": "web3@git+ssh://http://liangyanxiang:12345678@192.168.9.66/Juzix-Platon/web3j-js.git#develop",
            "dependencies": {
                "bignumber.js": {
                    "version": "https://github.com/frozeman/bignumber.js-nolookahead.git#master"
                },
                "crypto-js": {
                    "version": "http://registry.npm.taobao.org/crypto-js/download/crypto-js-3.1.8.tgz"
                },
                "mddir": {
                    "version": "http://registry.npm.taobao.org/mddir/download/mddir-1.1.1.tgz"
                },
                "node-int64": {
                    "version": "http://registry.npm.taobao.org/node-int64/download/node-int64-0.4.0.tgz"
                },
                "node-uuid": {
                    "version": "http://registry.npm.taobao.org/node-uuid/download/node-uuid-1.4.8.tgz"
                },
                "rlp": {
                    "version": "http://registry.npm.taobao.org/rlp/download/rlp-2.1.0.tgz",
                    "dependencies": {
                        "safe-buffer": {
                            "version": "http://registry.npm.taobao.org/safe-buffer/download/safe-buffer-5.1.2.tgz",
                            "bundled": true
                        }
                    }
                },
                "uint64be": {
                    "version": "http://registry.npm.taobao.org/uint64be/download/uint64be-2.0.2.tgz"
                },
                "utf8": {
                    "version": "http://registry.npm.taobao.org/utf8/download/utf8-2.1.2.tgz"
                },
                "xhr2": {
                    "version": "http://registry.npm.taobao.org/xhr2/download/xhr2-0.1.4.tgz"
                },
                "xmlhttprequest": {
                    "version": "http://registry.npm.taobao.org/xmlhttprequest/download/xmlhttprequest-1.8.0.tgz"
                }
            }
        }
    }
}
